---
langcode: en
status: true
dependencies:
  config:
  - views.view.search
  module:
  - views
active_version: cbbcb4c4d4ea96fb
versioned_properties:
  active:
    settings:
      default_settings:
        id: views_exposed_filter_block:search-results_block
        label: 'Exposed form: search-results_block'
        label_display: "0"
        provider: views
        views_label: ""
    fallback_metadata:
      slot_definitions: ~
label: 'Exposed form: search-results_block'
id: block.views_exposed_filter_block.search-results_block
provider: views
source: block
source_local_id: views_exposed_filter_block:search-results_block
...
